// !$*UTF8*$!
{
	archiveVersion = 1;
	classes = {
	};
	objectVersion = 51;
	objects = {

/* Begin PBXBuildFile section */
		133D840D2573F2450038A496 /* LoginViewController.swift in Sources */ = {isa = PBXBuildFile; fileRef = 133D840C2573F2450038A496 /* LoginViewController.swift */; };
		133D84102574AFDC0038A496 /* RegisterViewController.swift in Sources */ = {isa = PBXBuildFile; fileRef = 133D840F2574AFDC0038A496 /* RegisterViewController.swift */; };
		1348D97D25A46AC10068A1CC /* chat.storyboard in Resources */ = {isa = PBXBuildFile; fileRef = 1348D97C25A46AC10068A1CC /* chat.storyboard */; };
		1348D98125A47A790068A1CC /* list.storyboard in Resources */ = {isa = PBXBuildFile; fileRef = 1348D98025A47A790068A1CC /* list.storyboard */; };
		136A41172595BE5000F45ED2 /* ListViewController.swift in Sources */ = {isa = PBXBuildFile; fileRef = 136A41162595BE4F00F45ED2 /* ListViewController.swift */; };
		136A411B25984DAD00F45ED2 /* PersonCell.swift in Sources */ = {isa = PBXBuildFile; fileRef = 136A411925984DAC00F45ED2 /* PersonCell.swift */; };
		136A411C25984DAD00F45ED2 /* PersonCell.xib in Resources */ = {isa = PBXBuildFile; fileRef = 136A411A25984DAC00F45ED2 /* PersonCell.xib */; };
		136FC5E125836F8100CF8055 /* Message.swift in Sources */ = {isa = PBXBuildFile; fileRef = 136FC5E025836F8100CF8055 /* Message.swift */; };
		1371E2F1257F6E1B000D4052 /* ChatViewController.swift in Sources */ = {isa = PBXBuildFile; fileRef = 1371E2F0257F6E1A000D4052 /* ChatViewController.swift */; };
		1371E2F52582611B000D4052 /* CustomCell.swift in Sources */ = {isa = PBXBuildFile; fileRef = 1371E2F32582611B000D4052 /* CustomCell.swift */; };
		1371E2F62582611C000D4052 /* CustomCell.xib in Resources */ = {isa = PBXBuildFile; fileRef = 1371E2F42582611B000D4052 /* CustomCell.xib */; };
		1378327D25777063005E46E8 /* AnimalViewController.swift in Sources */ = {isa = PBXBuildFile; fileRef = 1378327C25777063005E46E8 /* AnimalViewController.swift */; };
		1399689325A6149F0028D119 /* LaunchScreen.storyboard in Resources */ = {isa = PBXBuildFile; fileRef = 1399689225A6149F0028D119 /* LaunchScreen.storyboard */; };
		13BE0E67259DC0CA00AA3990 /* ChatInputAccessoryView.xib in Resources */ = {isa = PBXBuildFile; fileRef = 13BE0E66259DC0CA00AA3990 /* ChatInputAccessoryView.xib */; };
		13BE0E6A259DC22600AA3990 /* ChatInputAccessoryView.swift in Sources */ = {isa = PBXBuildFile; fileRef = 13BE0E69259DC22600AA3990 /* ChatInputAccessoryView.swift */; };
		13BE0E6F25A028F300AA3990 /* UIColor-Extension.swift in Sources */ = {isa = PBXBuildFile; fileRef = 13BE0E6E25A028F300AA3990 /* UIColor-Extension.swift */; };
		13EC8DEE2568E5A5009C5D1C /* AppDelegate.swift in Sources */ = {isa = PBXBuildFile; fileRef = 13EC8DED2568E5A5009C5D1C /* AppDelegate.swift */; };
		13EC8DF02568E5A5009C5D1C /* SceneDelegate.swift in Sources */ = {isa = PBXBuildFile; fileRef = 13EC8DEF2568E5A5009C5D1C /* SceneDelegate.swift */; };
		13EC8DF22568E5A5009C5D1C /* ViewController.swift in Sources */ = {isa = PBXBuildFile; fileRef = 13EC8DF12568E5A5009C5D1C /* ViewController.swift */; };
		13EC8DF52568E5A5009C5D1C /* Main.storyboard in Resources */ = {isa = PBXBuildFile; fileRef = 13EC8DF32568E5A5009C5D1C /* Main.storyboard */; };
		13EC8DF72568E5AE009C5D1C /* Assets.xcassets in Resources */ = {isa = PBXBuildFile; fileRef = 13EC8DF62568E5AE009C5D1C /* Assets.xcassets */; };
		13EC8E022568EAF6009C5D1C /* GoogleService-Info.plist in Resources */ = {isa = PBXBuildFile; fileRef = 13EC8E012568EAF5009C5D1C /* GoogleService-Info.plist */; };
		9FF97A84F46ECA4FF5B73FB9 /* Pods_SwiftAnimalSoothSaying.framework in Frameworks */ = {isa = PBXBuildFile; fileRef = 6A821BCAD80C912B9F690618 /* Pods_SwiftAnimalSoothSaying.framework */; };
/* End PBXBuildFile section */

/* Begin PBXFileReference section */
		130939E825AFD1E500E39C1A /* SwiftAnimalSoothSaying.entitlements */ = {isa = PBXFileReference; lastKnownFileType = text.plist.entitlements; path = SwiftAnimalSoothSaying.entitlements; sourceTree = "<group>"; };
		133D840C2573F2450038A496 /* LoginViewController.swift */ = {isa = PBXFileReference; lastKnownFileType = sourcecode.swift; path = LoginViewController.swift; sourceTree = "<group>"; };
		133D840F2574AFDC0038A496 /* RegisterViewController.swift */ = {isa = PBXFileReference; lastKnownFileType = sourcecode.swift; path = RegisterViewController.swift; sourceTree = "<group>"; };
		1348D97C25A46AC10068A1CC /* chat.storyboard */ = {isa = PBXFileReference; lastKnownFileType = file.storyboard; path = chat.storyboard; sourceTree = "<group>"; };
		1348D98025A47A790068A1CC /* list.storyboard */ = {isa = PBXFileReference; lastKnownFileType = file.storyboard; path = list.storyboard; sourceTree = "<group>"; };
		136A41162595BE4F00F45ED2 /* ListViewController.swift */ = {isa = PBXFileReference; lastKnownFileType = sourcecode.swift; path = ListViewController.swift; sourceTree = "<group>"; };
		136A411925984DAC00F45ED2 /* PersonCell.swift */ = {isa = PBXFileReference; lastKnownFileType = sourcecode.swift; path = PersonCell.swift; sourceTree = "<group>"; };
		136A411A25984DAC00F45ED2 /* PersonCell.xib */ = {isa = PBXFileReference; lastKnownFileType = file.xib; path = PersonCell.xib; sourceTree = "<group>"; };
		136FC5E025836F8100CF8055 /* Message.swift */ = {isa = PBXFileReference; lastKnownFileType = sourcecode.swift; path = Message.swift; sourceTree = "<group>"; };
		1371E2F0257F6E1A000D4052 /* ChatViewController.swift */ = {isa = PBXFileReference; lastKnownFileType = sourcecode.swift; path = ChatViewController.swift; sourceTree = "<group>"; };
		1371E2F32582611B000D4052 /* CustomCell.swift */ = {isa = PBXFileReference; lastKnownFileType = sourcecode.swift; path = CustomCell.swift; sourceTree = "<group>"; };
		1371E2F42582611B000D4052 /* CustomCell.xib */ = {isa = PBXFileReference; lastKnownFileType = file.xib; path = CustomCell.xib; sourceTree = "<group>"; };
		1378327C25777063005E46E8 /* AnimalViewController.swift */ = {isa = PBXFileReference; lastKnownFileType = sourcecode.swift; path = AnimalViewController.swift; sourceTree = "<group>"; };
		1399689225A6149F0028D119 /* LaunchScreen.storyboard */ = {isa = PBXFileReference; lastKnownFileType = file.storyboard; path = LaunchScreen.storyboard; sourceTree = "<group>"; };
		13BE0E66259DC0CA00AA3990 /* ChatInputAccessoryView.xib */ = {isa = PBXFileReference; lastKnownFileType = file.xib; path = ChatInputAccessoryView.xib; sourceTree = "<group>"; };
		13BE0E69259DC22600AA3990 /* ChatInputAccessoryView.swift */ = {isa = PBXFileReference; lastKnownFileType = sourcecode.swift; path = ChatInputAccessoryView.swift; sourceTree = "<group>"; };
		13BE0E6E25A028F300AA3990 /* UIColor-Extension.swift */ = {isa = PBXFileReference; lastKnownFileType = sourcecode.swift; path = "UIColor-Extension.swift"; sourceTree = "<group>"; };
		13EC8DEA2568E5A5009C5D1C /* SwiftAnimalSoothSaying.app */ = {isa = PBXFileReference; explicitFileType = wrapper.application; includeInIndex = 0; path = SwiftAnimalSoothSaying.app; sourceTree = BUILT_PRODUCTS_DIR; };
		13EC8DED2568E5A5009C5D1C /* AppDelegate.swift */ = {isa = PBXFileReference; lastKnownFileType = sourcecode.swift; path = AppDelegate.swift; sourceTree = "<group>"; };
		13EC8DEF2568E5A5009C5D1C /* SceneDelegate.swift */ = {isa = PBXFileReference; lastKnownFileType = sourcecode.swift; path = SceneDelegate.swift; sourceTree = "<group>"; };
		13EC8DF12568E5A5009C5D1C /* ViewController.swift */ = {isa = PBXFileReference; lastKnownFileType = sourcecode.swift; path = ViewController.swift; sourceTree = "<group>"; };
		13EC8DF42568E5A5009C5D1C /* Base */ = {isa = PBXFileReference; lastKnownFileType = file.storyboard; name = Base; path = Base.lproj/Main.storyboard; sourceTree = "<group>"; };
		13EC8DF62568E5AE009C5D1C /* Assets.xcassets */ = {isa = PBXFileReference; lastKnownFileType = folder.assetcatalog; path = Assets.xcassets; sourceTree = "<group>"; };
		13EC8DFB2568E5AE009C5D1C /* Info.plist */ = {isa = PBXFileReference; lastKnownFileType = text.plist.xml; path = Info.plist; sourceTree = "<group>"; };
		13EC8E012568EAF5009C5D1C /* GoogleService-Info.plist */ = {isa = PBXFileReference; fileEncoding = 4; lastKnownFileType = text.plist.xml; path = "GoogleService-Info.plist"; sourceTree = "<group>"; };
		6A821BCAD80C912B9F690618 /* Pods_SwiftAnimalSoothSaying.framework */ = {isa = PBXFileReference; explicitFileType = wrapper.framework; includeInIndex = 0; path = Pods_SwiftAnimalSoothSaying.framework; sourceTree = BUILT_PRODUCTS_DIR; };
		BC9726F690A43E3DFB37B419 /* Pods-SwiftAnimalSoothSaying.debug.xcconfig */ = {isa = PBXFileReference; includeInIndex = 1; lastKnownFileType = text.xcconfig; name = "Pods-SwiftAnimalSoothSaying.debug.xcconfig"; path = "Target Support Files/Pods-SwiftAnimalSoothSaying/Pods-SwiftAnimalSoothSaying.debug.xcconfig"; sourceTree = "<group>"; };
		EFFB301A1BC61282ACFF61A3 /* Pods-SwiftAnimalSoothSaying.release.xcconfig */ = {isa = PBXFileReference; includeInIndex = 1; lastKnownFileType = text.xcconfig; name = "Pods-SwiftAnimalSoothSaying.release.xcconfig"; path = "Target Support Files/Pods-SwiftAnimalSoothSaying/Pods-SwiftAnimalSoothSaying.release.xcconfig"; sourceTree = "<group>"; };
/* End PBXFileReference section */

/* Begin PBXFrameworksBuildPhase section */
		13EC8DE72568E5A5009C5D1C /* Frameworks */ = {
			isa = PBXFrameworksBuildPhase;
			buildActionMask = 2147483647;
			files = (
				9FF97A84F46ECA4FF5B73FB9 /* Pods_SwiftAnimalSoothSaying.framework in Frameworks */,
			);
			runOnlyForDeploymentPostprocessing = 0;
		};
/* End PBXFrameworksBuildPhase section */

/* Begin PBXGroup section */
		13EC8DE12568E5A5009C5D1C = {
			isa = PBXGroup;
			children = (
				13EC8DEC2568E5A5009C5D1C /* SwiftAnimalSoothSaying */,
				13EC8DEB2568E5A5009C5D1C /* Products */,
				A34C08DF83E1F53DB5903A0D /* Pods */,
				C463E5CCF9A072A0E0AAC8CE /* Frameworks */,
			);
			sourceTree = "<group>";
		};
		13EC8DEB2568E5A5009C5D1C /* Products */ = {
			isa = PBXGroup;
			children = (
				13EC8DEA2568E5A5009C5D1C /* SwiftAnimalSoothSaying.app */,
			);
			name = Products;
			sourceTree = "<group>";
		};
		13EC8DEC2568E5A5009C5D1C /* SwiftAnimalSoothSaying */ = {
			isa = PBXGroup;
			children = (
				130939E825AFD1E500E39C1A /* SwiftAnimalSoothSaying.entitlements */,
				13EE7104256A494200AC6B6B /* Controller */,
				13EE7102256A493C00AC6B6B /* View */,
				13EE7100256A491800AC6B6B /* Model */,
				13EC8DFB2568E5AE009C5D1C /* Info.plist */,
				13EC8E012568EAF5009C5D1C /* GoogleService-Info.plist */,
			);
			path = SwiftAnimalSoothSaying;
			sourceTree = "<group>";
		};
		13EE7100256A491800AC6B6B /* Model */ = {
			isa = PBXGroup;
			children = (
				136FC5E025836F8100CF8055 /* Message.swift */,
			);
			path = Model;
			sourceTree = "<group>";
		};
		13EE7102256A493C00AC6B6B /* View */ = {
			isa = PBXGroup;
			children = (
				13EC8DF32568E5A5009C5D1C /* Main.storyboard */,
				1348D97C25A46AC10068A1CC /* chat.storyboard */,
				1348D98025A47A790068A1CC /* list.storyboard */,
				13EC8DF62568E5AE009C5D1C /* Assets.xcassets */,
				1399689225A6149F0028D119 /* LaunchScreen.storyboard */,
				1371E2F32582611B000D4052 /* CustomCell.swift */,
				1371E2F42582611B000D4052 /* CustomCell.xib */,
				136A411925984DAC00F45ED2 /* PersonCell.swift */,
				136A411A25984DAC00F45ED2 /* PersonCell.xib */,
				13BE0E69259DC22600AA3990 /* ChatInputAccessoryView.swift */,
				13BE0E66259DC0CA00AA3990 /* ChatInputAccessoryView.xib */,
			);
			path = View;
			sourceTree = "<group>";
		};
		13EE7104256A494200AC6B6B /* Controller */ = {
			isa = PBXGroup;
			children = (
				13EC8DED2568E5A5009C5D1C /* AppDelegate.swift */,
				13EC8DEF2568E5A5009C5D1C /* SceneDelegate.swift */,
				13EC8DF12568E5A5009C5D1C /* ViewController.swift */,
				133D840C2573F2450038A496 /* LoginViewController.swift */,
				133D840F2574AFDC0038A496 /* RegisterViewController.swift */,
				1378327C25777063005E46E8 /* AnimalViewController.swift */,
				1371E2F0257F6E1A000D4052 /* ChatViewController.swift */,
				136A41162595BE4F00F45ED2 /* ListViewController.swift */,
				13BE0E6E25A028F300AA3990 /* UIColor-Extension.swift */,
			);
			path = Controller;
			sourceTree = "<group>";
		};
		A34C08DF83E1F53DB5903A0D /* Pods */ = {
			isa = PBXGroup;
			children = (
				BC9726F690A43E3DFB37B419 /* Pods-SwiftAnimalSoothSaying.debug.xcconfig */,
				EFFB301A1BC61282ACFF61A3 /* Pods-SwiftAnimalSoothSaying.release.xcconfig */,
			);
			path = Pods;
			sourceTree = "<group>";
		};
		C463E5CCF9A072A0E0AAC8CE /* Frameworks */ = {
			isa = PBXGroup;
			children = (
				6A821BCAD80C912B9F690618 /* Pods_SwiftAnimalSoothSaying.framework */,
			);
			name = Frameworks;
			sourceTree = "<group>";
		};
/* End PBXGroup section */

/* Begin PBXNativeTarget section */
		13EC8DE92568E5A5009C5D1C /* SwiftAnimalSoothSaying */ = {
			isa = PBXNativeTarget;
			buildConfigurationList = 13EC8DFE2568E5AE009C5D1C /* Build configuration list for PBXNativeTarget "SwiftAnimalSoothSaying" */;
			buildPhases = (
				22FC5058F5E17F84448B4CEA /* [CP] Check Pods Manifest.lock */,
				13EC8DE62568E5A5009C5D1C /* Sources */,
				13EC8DE72568E5A5009C5D1C /* Frameworks */,
				13EC8DE82568E5A5009C5D1C /* Resources */,
				6129436EBC92F398E43352A8 /* [CP] Embed Pods Frameworks */,
			);
			buildRules = (
			);
			dependencies = (
			);
			name = SwiftAnimalSoothSaying;
			productName = SwiftAnimalSoothSaying;
			productReference = 13EC8DEA2568E5A5009C5D1C /* SwiftAnimalSoothSaying.app */;
			productType = "com.apple.product-type.application";
		};
/* End PBXNativeTarget section */

/* Begin PBXProject section */
		13EC8DE22568E5A5009C5D1C /* Project object */ = {
			isa = PBXProject;
			attributes = {
				LastSwiftUpdateCheck = 1130;
				LastUpgradeCheck = 1130;
				ORGANIZATIONNAME = "Naoki Ishizuka";
				TargetAttributes = {
					13EC8DE92568E5A5009C5D1C = {
						CreatedOnToolsVersion = 11.3.1;
					};
				};
			};
			buildConfigurationList = 13EC8DE52568E5A5009C5D1C /* Build configuration list for PBXProject "SwiftAnimalSoothSaying" */;
			compatibilityVersion = "Xcode 9.3";
			developmentRegion = en;
			hasScannedForEncodings = 0;
			knownRegions = (
				en,
				Base,
			);
			mainGroup = 13EC8DE12568E5A5009C5D1C;
			productRefGroup = 13EC8DEB2568E5A5009C5D1C /* Products */;
			projectDirPath = "";
			projectRoot = "";
			targets = (
				13EC8DE92568E5A5009C5D1C /* SwiftAnimalSoothSaying */,
			);
		};
/* End PBXProject section */

/* Begin PBXResourcesBuildPhase section */
		13EC8DE82568E5A5009C5D1C /* Resources */ = {
			isa = PBXResourcesBuildPhase;
			buildActionMask = 2147483647;
			files = (
				1371E2F62582611C000D4052 /* CustomCell.xib in Resources */,
				1348D98125A47A790068A1CC /* list.storyboard in Resources */,
				13BE0E67259DC0CA00AA3990 /* ChatInputAccessoryView.xib in Resources */,
				136A411C25984DAD00F45ED2 /* PersonCell.xib in Resources */,
				13EC8E022568EAF6009C5D1C /* GoogleService-Info.plist in Resources */,
				13EC8DF72568E5AE009C5D1C /* Assets.xcassets in Resources */,
				1348D97D25A46AC10068A1CC /* chat.storyboard in Resources */,
				1399689325A6149F0028D119 /* LaunchScreen.storyboard in Resources */,
				13EC8DF52568E5A5009C5D1C /* Main.storyboard in Resources */,
			);
			runOnlyForDeploymentPostprocessing = 0;
		};
/* End PBXResourcesBuildPhase section */

/* Begin PBXShellScriptBuildPhase section */
		22FC5058F5E17F84448B4CEA /* [CP] Check Pods Manifest.lock */ = {
			isa = PBXShellScriptBuildPhase;
			buildActionMask = 2147483647;
			files = (
			);
			inputFileListPaths = (
			);
			inputPaths = (
				"${PODS_PODFILE_DIR_PATH}/Podfile.lock",
				"${PODS_ROOT}/Manifest.lock",
			);
			name = "[CP] Check Pods Manifest.lock";
			outputFileListPaths = (
			);
			outputPaths = (
				"$(DERIVED_FILE_DIR)/Pods-SwiftAnimalSoothSaying-checkManifestLockResult.txt",
			);
			runOnlyForDeploymentPostprocessing = 0;
			shellPath = /bin/sh;
			shellScript = "diff \"${PODS_PODFILE_DIR_PATH}/Podfile.lock\" \"${PODS_ROOT}/Manifest.lock\" > /dev/null\nif [ $? != 0 ] ; then\n    # print error to STDERR\n    echo \"error: The sandbox is not in sync with the Podfile.lock. Run 'pod install' or update your CocoaPods installation.\" >&2\n    exit 1\nfi\n# This output is used by Xcode 'outputs' to avoid re-running this script phase.\necho \"SUCCESS\" > \"${SCRIPT_OUTPUT_FILE_0}\"\n";
			showEnvVarsInLog = 0;
		};
		6129436EBC92F398E43352A8 /* [CP] Embed Pods Frameworks */ = {
			isa = PBXShellScriptBuildPhase;
			buildActionMask = 2147483647;
			files = (
			);
			inputFileListPaths = (
				"${PODS_ROOT}/Target Support Files/Pods-SwiftAnimalSoothSaying/Pods-SwiftAnimalSoothSaying-frameworks-${CONFIGURATION}-input-files.xcfilelist",
			);
			name = "[CP] Embed Pods Frameworks";
			outputFileListPaths = (
				"${PODS_ROOT}/Target Support Files/Pods-SwiftAnimalSoothSaying/Pods-SwiftAnimalSoothSaying-frameworks-${CONFIGURATION}-output-files.xcfilelist",
			);
			runOnlyForDeploymentPostprocessing = 0;
			shellPath = /bin/sh;
			shellScript = "\"${PODS_ROOT}/Target Support Files/Pods-SwiftAnimalSoothSaying/Pods-SwiftAnimalSoothSaying-frameworks.sh\"\n";
			showEnvVarsInLog = 0;
		};
/* End PBXShellScriptBuildPhase section */

/* Begin PBXSourcesBuildPhase section */
		13EC8DE62568E5A5009C5D1C /* Sources */ = {
			isa = PBXSourcesBuildPhase;
			buildActionMask = 2147483647;
			files = (
				133D840D2573F2450038A496 /* LoginViewController.swift in Sources */,
				133D84102574AFDC0038A496 /* RegisterViewController.swift in Sources */,
				13EC8DF22568E5A5009C5D1C /* ViewController.swift in Sources */,
				136FC5E125836F8100CF8055 /* Message.swift in Sources */,
				1371E2F1257F6E1B000D4052 /* ChatViewController.swift in Sources */,
				13EC8DEE2568E5A5009C5D1C /* AppDelegate.swift in Sources */,
				1378327D25777063005E46E8 /* AnimalViewController.swift in Sources */,
				136A411B25984DAD00F45ED2 /* PersonCell.swift in Sources */,
				13BE0E6F25A028F300AA3990 /* UIColor-Extension.swift in Sources */,
				13BE0E6A259DC22600AA3990 /* ChatInputAccessoryView.swift in Sources */,
				1371E2F52582611B000D4052 /* CustomCell.swift in Sources */,
				136A41172595BE5000F45ED2 /* ListViewController.swift in Sources */,
				13EC8DF02568E5A5009C5D1C /* SceneDelegate.swift in Sources */,
			);
			runOnlyForDeploymentPostprocessing = 0;
		};
/* End PBXSourcesBuildPhase section */

/* Begin PBXVariantGroup section */
		13EC8DF32568E5A5009C5D1C /* Main.storyboard */ = {
			isa = PBXVariantGroup;
			children = (
				13EC8DF42568E5A5009C5D1C /* Base */,
			);
			name = Main.storyboard;
			sourceTree = "<group>";
		};
/* End PBXVariantGroup section */

/* Begin XCBuildConfiguration section */
		13EC8DFC2568E5AE009C5D1C /* Debug */ = {
			isa = XCBuildConfiguration;
			buildSettings = {
				ALWAYS_SEARCH_USER_PATHS = NO;
				CLANG_ANALYZER_NONNULL = YES;
				CLANG_ANALYZER_NUMBER_OBJECT_CONVERSION = YES_AGGRESSIVE;
				CLANG_CXX_LANGUAGE_STANDARD = "gnu++14";
				CLANG_CXX_LIBRARY = "libc++";
				CLANG_ENABLE_MODULES = YES;
				CLANG_ENABLE_OBJC_ARC = YES;
				CLANG_ENABLE_OBJC_WEAK = YES;
				CLANG_WARN_BLOCK_CAPTURE_AUTORELEASING = YES;
				CLANG_WARN_BOOL_CONVERSION = YES;
				CLANG_WARN_COMMA = YES;
				CLANG_WARN_CONSTANT_CONVERSION = YES;
				CLANG_WARN_DEPRECATED_OBJC_IMPLEMENTATIONS = YES;
				CLANG_WARN_DIRECT_OBJC_ISA_USAGE = YES_ERROR;
				CLANG_WARN_DOCUMENTATION_COMMENTS = YES;
				CLANG_WARN_EMPTY_BODY = YES;
				CLANG_WARN_ENUM_CONVERSION = YES;
				CLANG_WARN_INFINITE_RECURSION = YES;
				CLANG_WARN_INT_CONVERSION = YES;
				CLANG_WARN_NON_LITERAL_NULL_CONVERSION = YES;
				CLANG_WARN_OBJC_IMPLICIT_RETAIN_SELF = YES;
				CLANG_WARN_OBJC_LITERAL_CONVERSION = YES;
				CLANG_WARN_OBJC_ROOT_CLASS = YES_ERROR;
				CLANG_WARN_RANGE_LOOP_ANALYSIS = YES;
				CLANG_WARN_STRICT_PROTOTYPES = YES;
				CLANG_WARN_SUSPICIOUS_MOVE = YES;
				CLANG_WARN_UNGUARDED_AVAILABILITY = YES_AGGRESSIVE;
				CLANG_WARN_UNREACHABLE_CODE = YES;
				CLANG_WARN__DUPLICATE_METHOD_MATCH = YES;
				COPY_PHASE_STRIP = NO;
				DEBUG_INFORMATION_FORMAT = dwarf;
				ENABLE_STRICT_OBJC_MSGSEND = YES;
				ENABLE_TESTABILITY = YES;
				GCC_C_LANGUAGE_STANDARD = gnu11;
				GCC_DYNAMIC_NO_PIC = NO;
				GCC_NO_COMMON_BLOCKS = YES;
				GCC_OPTIMIZATION_LEVEL = 0;
				GCC_PREPROCESSOR_DEFINITIONS = (
					"DEBUG=1",
					"$(inherited)",
				);
				GCC_WARN_64_TO_32_BIT_CONVERSION = YES;
				GCC_WARN_ABOUT_RETURN_TYPE = YES_ERROR;
				GCC_WARN_UNDECLARED_SELECTOR = YES;
				GCC_WARN_UNINITIALIZED_AUTOS = YES_AGGRESSIVE;
				GCC_WARN_UNUSED_FUNCTION = YES;
				GCC_WARN_UNUSED_VARIABLE = YES;
				IPHONEOS_DEPLOYMENT_TARGET = 13.2;
				MTL_ENABLE_DEBUG_INFO = INCLUDE_SOURCE;
				MTL_FAST_MATH = YES;
				ONLY_ACTIVE_ARCH = YES;
				SDKROOT = iphoneos;
				SWIFT_ACTIVE_COMPILATION_CONDITIONS = DEBUG;
				SWIFT_OPTIMIZATION_LEVEL = "-Onone";
			};
			name = Debug;
		};
		13EC8DFD2568E5AE009C5D1C /* Release */ = {
			isa = XCBuildConfiguration;
			buildSettings = {
				ALWAYS_SEARCH_USER_PATHS = NO;
				CLANG_ANALYZER_NONNULL = YES;
				CLANG_ANALYZER_NUMBER_OBJECT_CONVERSION = YES_AGGRESSIVE;
				CLANG_CXX_LANGUAGE_STANDARD = "gnu++14";
				CLANG_CXX_LIBRARY = "libc++";
				CLANG_ENABLE_MODULES = YES;
				CLANG_ENABLE_OBJC_ARC = YES;
				CLANG_ENABLE_OBJC_WEAK = YES;
				CLANG_WARN_BLOCK_CAPTURE_AUTORELEASING = YES;
				CLANG_WARN_BOOL_CONVERSION = YES;
				CLANG_WARN_COMMA = YES;
				CLANG_WARN_CONSTANT_CONVERSION = YES;
				CLANG_WARN_DEPRECATED_OBJC_IMPLEMENTATIONS = YES;
				CLANG_WARN_DIRECT_OBJC_ISA_USAGE = YES_ERROR;
				CLANG_WARN_DOCUMENTATION_COMMENTS = YES;
				CLANG_WARN_EMPTY_BODY = YES;
				CLANG_WARN_ENUM_CONVERSION = YES;
				CLANG_WARN_INFINITE_RECURSION = YES;
				CLANG_WARN_INT_CONVERSION = YES;
				CLANG_WARN_NON_LITERAL_NULL_CONVERSION = YES;
				CLANG_WARN_OBJC_IMPLICIT_RETAIN_SELF = YES;
				CLANG_WARN_OBJC_LITERAL_CONVERSION = YES;
				CLANG_WARN_OBJC_ROOT_CLASS = YES_ERROR;
				CLANG_WARN_RANGE_LOOP_ANALYSIS = YES;
				CLANG_WARN_STRICT_PROTOTYPES = YES;
				CLANG_WARN_SUSPICIOUS_MOVE = YES;
				CLANG_WARN_UNGUARDED_AVAILABILITY = YES_AGGRESSIVE;
				CLANG_WARN_UNREACHABLE_CODE = YES;
				CLANG_WARN__DUPLICATE_METHOD_MATCH = YES;
				COPY_PHASE_STRIP = NO;
				DEBUG_INFORMATION_FORMAT = "dwarf-with-dsym";
				ENABLE_NS_ASSERTIONS = NO;
				ENABLE_STRICT_OBJC_MSGSEND = YES;
				GCC_C_LANGUAGE_STANDARD = gnu11;
				GCC_NO_COMMON_BLOCKS = YES;
				GCC_WARN_64_TO_32_BIT_CONVERSION = YES;
				GCC_WARN_ABOUT_RETURN_TYPE = YES_ERROR;
				GCC_WARN_UNDECLARED_SELECTOR = YES;
				GCC_WARN_UNINITIALIZED_AUTOS = YES_AGGRESSIVE;
				GCC_WARN_UNUSED_FUNCTION = YES;
				GCC_WARN_UNUSED_VARIABLE = YES;
				IPHONEOS_DEPLOYMENT_TARGET = 13.2;
				MTL_ENABLE_DEBUG_INFO = NO;
				MTL_FAST_MATH = YES;
				SDKROOT = iphoneos;
				SWIFT_COMPILATION_MODE = wholemodule;
				SWIFT_OPTIMIZATION_LEVEL = "-O";
				VALIDATE_PRODUCT = YES;
			};
			name = Release;
		};
		13EC8DFF2568E5AE009C5D1C /* Debug */ = {
			isa = XCBuildConfiguration;
			baseConfigurationReference = BC9726F690A43E3DFB37B419 /* Pods-SwiftAnimalSoothSaying.debug.xcconfig */;
			buildSettings = {
				ASSETCATALOG_COMPILER_APPICON_NAME = AppIcon;
				CODE_SIGN_ENTITLEMENTS = SwiftAnimalSoothSaying/SwiftAnimalSoothSaying.entitlements;
				CODE_SIGN_STYLE = Automatic;
				CURRENT_PROJECT_VERSION = 1.0.2;
				DEVELOPMENT_TEAM = UFNQPY3S9J;
				INFOPLIST_FILE = SwiftAnimalSoothSaying/Info.plist;
				IPHONEOS_DEPLOYMENT_TARGET = 13.2;
				LD_RUNPATH_SEARCH_PATHS = (
					"$(inherited)",
					"@executable_path/Frameworks",
				);
				PRODUCT_BUNDLE_IDENTIFIER = com.naoki.SwiftAnimalSoothSaying;
				PRODUCT_NAME = "$(TARGET_NAME)";
				SWIFT_VERSION = 5.0;
				TARGETED_DEVICE_FAMILY = 1;
			};
			name = Debug;
		};
		13EC8E002568E5AE009C5D1C /* Release */ = {
			isa = XCBuildConfiguration;
			baseConfigurationReference = EFFB301A1BC61282ACFF61A3 /* Pods-SwiftAnimalSoothSaying.release.xcconfig */;
			buildSettings = {
				ASSETCATALOG_COMPILER_APPICON_NAME = AppIcon;
				CODE_SIGN_ENTITLEMENTS = SwiftAnimalSoothSaying/SwiftAnimalSoothSaying.entitlements;
				CODE_SIGN_STYLE = Automatic;
				CURRENT_PROJECT_VERSION = 1.0.2;
				DEVELOPMENT_TEAM = UFNQPY3S9J;
				INFOPLIST_FILE = SwiftAnimalSoothSaying/Info.plist;
				IPHONEOS_DEPLOYMENT_TARGET = 13.2;
				LD_RUNPATH_SEARCH_PATHS = (
					"$(inherited)",
					"@executable_path/Frameworks",
				);
				PRODUCT_BUNDLE_IDENTIFIER = com.naoki.SwiftAnimalSoothSaying;
				PRODUCT_NAME = "$(TARGET_NAME)";
				SWIFT_VERSION = 5.0;
				TARGETED_DEVICE_FAMILY = 1;
			};
			name = Release;
		};
/* End XCBuildConfiguration section */

/* Begin XCConfigurationList section */
		13EC8DE52568E5A5009C5D1C /* Build configuration list for PBXProject "SwiftAnimalSoothSaying" */ = {
			isa = XCConfigurationList;
			buildConfigurations = (
				13EC8DFC2568E5AE009C5D1C /* Debug */,
				13EC8DFD2568E5AE009C5D1C /* Release */,
			);
			defaultConfigurationIsVisible = 0;
			defaultConfigurationName = Release;
		};
		13EC8DFE2568E5AE009C5D1C /* Build configuration list for PBXNativeTarget "SwiftAnimalSoothSaying" */ = {
			isa = XCConfigurationList;
			buildConfigurations = (
				13EC8DFF2568E5AE009C5D1C /* Debug */,
				13EC8E002568E5AE009C5D1C /* Release */,
			);
			defaultConfigurationIsVisible = 0;
			defaultConfigurationName = Release;
		};
/* End XCConfigurationList section */
	};
	rootObject = 13EC8DE22568E5A5009C5D1C /* Project object */;
}
